
Microsoft Visual Studio Solution File, Format Version 12.00
# Visual Studio Version 17
VisualStudioVersion = 17.3.32901.215
MinimumVisualStudioVersion = 10.0.40219.1
Project("{FAE04EC0-301F-11D3-BF4B-00C04F79EFBC}") = "DataLayer", "DataLayer\DataLayer.csproj", "{895C475A-7A93-48F8-84EF-5E7570F0C670}"
EndProject
Project("{FAE04EC0-301F-11D3-BF4B-00C04F79EFBC}") = "ShopProducts", "ShopProducts\ShopProducts.csproj", "{EE3D8B45-C353-464C-929C-14F2AF2B9FF4}"
EndProject
Global
	GlobalSection(SolutionConfigurationPlatforms) = preSolution
		Debug|Any CPU = Debug|Any CPU
		Release|Any CPU = Release|Any CPU
	EndGlobalSection
	GlobalSection(ProjectConfigurationPlatforms) = postSolution
		{895C475A-7A93-48F8-84EF-5E7570F0C670}.Debug|Any CPU.ActiveCfg = Debug|Any CPU
		{895C475A-7A93-48F8-84EF-5E7570F0C670}.Debug|Any CPU.Build.0 = Debug|Any CPU
		{895C475A-7A93-48F8-84EF-5E7570F0C670}.Release|Any CPU.ActiveCfg = Release|Any CPU
		{895C475A-7A93-48F8-84EF-5E7570F0C670}.Release|Any CPU.Build.0 = Release|Any CPU
		{EE3D8B45-C353-464C-929C-14F2AF2B9FF4}.Debug|Any CPU.ActiveCfg = Debug|Any CPU
		{EE3D8B45-C353-464C-929C-14F2AF2B9FF4}.Debug|Any CPU.Build.0 = Debug|Any CPU
		{EE3D8B45-C353-464C-929C-14F2AF2B9FF4}.Release|Any CPU.ActiveCfg = Release|Any CPU
		{EE3D8B45-C353-464C-929C-14F2AF2B9FF4}.Release|Any CPU.Build.0 = Release|Any CPU
	EndGlobalSection
	GlobalSection(SolutionProperties) = preSolution
		HideSolutionNode = FALSE
	EndGlobalSection
	GlobalSection(ExtensibilityGlobals) = postSolution
		SolutionGuid = {DF0705E7-0822-47AD-AF5E-CD4C564EF59F}
	EndGlobalSection
EndGlobal
